
Microsoft Visual Studio Solution File, Format Version 12.00
# Visual Studio Version 16
VisualStudioVersion = 16.0.28803.202
MinimumVisualStudioVersion = 10.0.40219.1
Project("{9A19103F-16F7-4668-BE54-9A1E7A4F7556}") = "ARCaptureAPI", "WebApplication1\ARCaptureAPI.csproj", "{0608404D-A032-4487-8275-CB406DDDA83E}"
EndProject
Global
	GlobalSection(SolutionConfigurationPlatforms) = preSolution
		Debug|Any CPU = Debug|Any CPU
		Release|Any CPU = Release|Any CPU
	EndGlobalSection
	GlobalSection(ProjectConfigurationPlatforms) = postSolution
		{0608404D-A032-4487-8275-CB406DDDA83E}.Debug|Any CPU.ActiveCfg = Debug|Any CPU
		{0608404D-A032-4487-8275-CB406DDDA83E}.Debug|Any CPU.Build.0 = Debug|Any CPU
		{0608404D-A032-4487-8275-CB406DDDA83E}.Release|Any CPU.ActiveCfg = Release|Any CPU
		{0608404D-A032-4487-8275-CB406DDDA83E}.Release|Any CPU.Build.0 = Release|Any CPU
	EndGlobalSection
	GlobalSection(SolutionProperties) = preSolution
		HideSolutionNode = FALSE
	EndGlobalSection
	GlobalSection(ExtensibilityGlobals) = postSolution
		SolutionGuid = {D6601C99-9A9C-4B66-B956-EB1907C2666A}
	EndGlobalSection
EndGlobal
